
Microsoft Visual Studio Solution File, Format Version 12.00
# Visual Studio Version 17
VisualStudioVersion = 17.8.34330.188
MinimumVisualStudioVersion = 10.0.40219.1
Project("{FAE04EC0-301F-11D3-BF4B-00C04F79EFBC}") = "Day_1", "Day_1.csproj", "{47F3C153-4E76-4926-A71C-B90C4AE020F8}"
EndProject
Global
	GlobalSection(SolutionConfigurationPlatforms) = preSolution
		Debug|Any CPU = Debug|Any CPU
		Release|Any CPU = Release|Any CPU
	EndGlobalSection
	GlobalSection(ProjectConfigurationPlatforms) = postSolution
		{47F3C153-4E76-4926-A71C-B90C4AE020F8}.Debug|Any CPU.ActiveCfg = Debug|Any CPU
		{47F3C153-4E76-4926-A71C-B90C4AE020F8}.Debug|Any CPU.Build.0 = Debug|Any CPU
		{47F3C153-4E76-4926-A71C-B90C4AE020F8}.Release|Any CPU.ActiveCfg = Release|Any CPU
		{47F3C153-4E76-4926-A71C-B90C4AE020F8}.Release|Any CPU.Build.0 = Release|Any CPU
	EndGlobalSection
	GlobalSection(SolutionProperties) = preSolution
		HideSolutionNode = FALSE
	EndGlobalSection
	GlobalSection(ExtensibilityGlobals) = postSolution
		SolutionGuid = {0A67D9F9-66BA-4881-A87E-1D03C9ADF992}
	EndGlobalSection
EndGlobal
